github.com/arriqaaq/aol v0.1.2 h1:uGEMA1mYu968vmRUSE9d2++YUaDGObbBN1QzD6RlgC4=
github.com/arriqaaq/aol v0.1.2/go.mod h1:GQ7Jdsp3RYIbUsovCh0XdIbRj0mvBNBFQeIfL1oKKKE=
github.com/arriqaaq/art v0.1.2 h1:GoAiArsfRTV8wPb2X7/58ZFNBUwoPfGfsTvweeiYgzg=
github.com/arriqaaq/art v0.1.2/go.mod h1:11r05D8a+owc6lTpI/yVypn16g7LrsVif+8lU9riSDM=
github.com/arriqaaq/flashdb v0.1.6 h1:3aQlCl2rql2LXPn+rGSjnmrMLnpcZtv2xlfkUZ2zJz4=
github.com/arriqaaq/flashdb v0.1.6/go.mod h1:pHq2x7sAZoRopqp/jV3hFXJ5aA48+vTe91cTi6Zl1mg=
github.com/arriqaaq/hash v0.1.2 h1:q/Az5T00nkqEc/XhlnrGcPeZBmgBM5ktKi26nr70s9c=
github.com/arriqaaq/hash v0.1.2/go.mod h1:WB3wOwaJdkNPb8DX+J2YHivF9y+sJkXhM1B4gH7xphE=
github.com/arriqaaq/set v0.1.2 h1:uiIarvVXvsAWr/RQ4L9C7HgOXh4jteaBeFMwU/faWlk=
github.com/arriqaaq/set v0.1.2/go.mod h1:Sj43MSlXuSY6tqVu2XZ1jf30fQylGp3FCM2O6qFBSd8=
github.com/arriqaaq/zset v0.1.2 h1:vF/B95Unz/zA0Ttmc1XHCQVyxIXd7B6PNc3H4aCOdyo=
github.com/arriqaaq/zset v0.1.2/go.mod h1:5DoabYGc0lHZnhhzZoYawG015X7i+bphIsa6qEekFuI=
